
Microsoft Visual Studio Solution File, Format Version 12.00
Project("{FAE04EC0-301F-11D3-BF4B-00C04F79EFBC}") = "Client", "Client\Client.csproj", "{56025099-36ED-4D0B-ABA5-2F0C42968AFC}"
EndProject
Project("{FAE04EC0-301F-11D3-BF4B-00C04F79EFBC}") = "Server1", "Server1\Server1.csproj", "{CA1311CF-4AC8-44AD-8FFF-943C06765609}"
EndProject
Project("{FAE04EC0-301F-11D3-BF4B-00C04F79EFBC}") = "Server2", "Server2\Server2.csproj", "{0C164756-9E72-43AA-BEFD-5AD95C54695D}"
EndProject
Project("{2150E333-8FDC-42A3-9474-1A3956D46DE8}") = "Docker", "Docker", "{CF85B675-C588-4D56-9BA5-0CD9CE8B6E8D}"
ProjectSection(SolutionItems) = preProject
	docker-compose.yml = docker-compose.yml
EndProjectSection
EndProject
Global
	GlobalSection(SolutionConfigurationPlatforms) = preSolution
		Debug|Any CPU = Debug|Any CPU
		Release|Any CPU = Release|Any CPU
	EndGlobalSection
	GlobalSection(ProjectConfigurationPlatforms) = postSolution
		{56025099-36ED-4D0B-ABA5-2F0C42968AFC}.Debug|Any CPU.ActiveCfg = Debug|Any CPU
		{56025099-36ED-4D0B-ABA5-2F0C42968AFC}.Debug|Any CPU.Build.0 = Debug|Any CPU
		{56025099-36ED-4D0B-ABA5-2F0C42968AFC}.Release|Any CPU.ActiveCfg = Release|Any CPU
		{56025099-36ED-4D0B-ABA5-2F0C42968AFC}.Release|Any CPU.Build.0 = Release|Any CPU
		{CA1311CF-4AC8-44AD-8FFF-943C06765609}.Debug|Any CPU.ActiveCfg = Debug|Any CPU
		{CA1311CF-4AC8-44AD-8FFF-943C06765609}.Debug|Any CPU.Build.0 = Debug|Any CPU
		{CA1311CF-4AC8-44AD-8FFF-943C06765609}.Release|Any CPU.ActiveCfg = Release|Any CPU
		{CA1311CF-4AC8-44AD-8FFF-943C06765609}.Release|Any CPU.Build.0 = Release|Any CPU
		{0C164756-9E72-43AA-BEFD-5AD95C54695D}.Debug|Any CPU.ActiveCfg = Debug|Any CPU
		{0C164756-9E72-43AA-BEFD-5AD95C54695D}.Debug|Any CPU.Build.0 = Debug|Any CPU
		{0C164756-9E72-43AA-BEFD-5AD95C54695D}.Release|Any CPU.ActiveCfg = Release|Any CPU
		{0C164756-9E72-43AA-BEFD-5AD95C54695D}.Release|Any CPU.Build.0 = Release|Any CPU
	EndGlobalSection
EndGlobal
